
Microsoft Visual Studio Solution File, Format Version 12.00
# Visual Studio Version 16
VisualStudioVersion = 16.0.30717.126
MinimumVisualStudioVersion = 10.0.40219.1
Project("{2150E333-8FDC-42A3-9474-1A3956D46DE8}") = "Solution Items", "Solution Items", "{3E98286E-DCC5-4BA3-9B4A-26DA440DF5D2}"
	ProjectSection(SolutionItems) = preProject
		.gitignore = .gitignore
		LICENSE = LICENSE
		README.md = README.md
	EndProjectSection
EndProject
Project("{2150E333-8FDC-42A3-9474-1A3956D46DE8}") = "tests", "tests", "{219594BC-488B-46A7-82C3-2E35D47972D8}"
EndProject
Project("{9A19103F-16F7-4668-BE54-9A1E7A4F7556}") = "UnitTests", "UnitTests\UnitTests.csproj", "{AFE2ACE6-6A43-4D4C-A146-16F09E0D16DC}"
EndProject
Project("{9A19103F-16F7-4668-BE54-9A1E7A4F7556}") = "End2EndTests", "End2EndTests\End2EndTests.csproj", "{F01D677E-9E87-44E2-B460-C3F04B893179}"
EndProject
Project("{2150E333-8FDC-42A3-9474-1A3956D46DE8}") = "src", "src", "{446217A4-6B63-4BC4-B842-E827360A1AA6}"
EndProject
Project("{9A19103F-16F7-4668-BE54-9A1E7A4F7556}") = "RetornaTaxaWebApi", "RetornaTaxaWebApi\RetornaTaxaWebApi.csproj", "{BA1D93EC-20FF-4610-BBE3-CF061E84B9C5}"
EndProject
Project("{9A19103F-16F7-4668-BE54-9A1E7A4F7556}") = "IntegrationTests", "IntegrationTests\IntegrationTests.csproj", "{97386095-DAD3-4EA0-8B0B-2A1C79C360D6}"
EndProject
Project("{9A19103F-16F7-4668-BE54-9A1E7A4F7556}") = "CalculaJurosWebApi", "CalculaJurosWebApi\CalculaJurosWebApi.csproj", "{6BE9938C-9209-4CC8-8238-16B35D81195F}"
EndProject
Project("{E53339B2-1760-4266-BCC7-CA923CBCF16C}") = "docker-compose", "docker-compose.dcproj", "{F10BEADE-D59A-4EB2-B54A-A9295710C4BF}"
EndProject
Global
	GlobalSection(SolutionConfigurationPlatforms) = preSolution
		Debug|Any CPU = Debug|Any CPU
		Release|Any CPU = Release|Any CPU
	EndGlobalSection
	GlobalSection(ProjectConfigurationPlatforms) = postSolution
		{AFE2ACE6-6A43-4D4C-A146-16F09E0D16DC}.Debug|Any CPU.ActiveCfg = Debug|Any CPU
		{AFE2ACE6-6A43-4D4C-A146-16F09E0D16DC}.Debug|Any CPU.Build.0 = Debug|Any CPU
		{AFE2ACE6-6A43-4D4C-A146-16F09E0D16DC}.Release|Any CPU.ActiveCfg = Release|Any CPU
		{AFE2ACE6-6A43-4D4C-A146-16F09E0D16DC}.Release|Any CPU.Build.0 = Release|Any CPU
		{F01D677E-9E87-44E2-B460-C3F04B893179}.Debug|Any CPU.ActiveCfg = Debug|Any CPU
		{F01D677E-9E87-44E2-B460-C3F04B893179}.Debug|Any CPU.Build.0 = Debug|Any CPU
		{F01D677E-9E87-44E2-B460-C3F04B893179}.Release|Any CPU.ActiveCfg = Release|Any CPU
		{F01D677E-9E87-44E2-B460-C3F04B893179}.Release|Any CPU.Build.0 = Release|Any CPU
		{BA1D93EC-20FF-4610-BBE3-CF061E84B9C5}.Debug|Any CPU.ActiveCfg = Debug|Any CPU
		{BA1D93EC-20FF-4610-BBE3-CF061E84B9C5}.Debug|Any CPU.Build.0 = Debug|Any CPU
		{BA1D93EC-20FF-4610-BBE3-CF061E84B9C5}.Release|Any CPU.ActiveCfg = Release|Any CPU
		{BA1D93EC-20FF-4610-BBE3-CF061E84B9C5}.Release|Any CPU.Build.0 = Release|Any CPU
		{97386095-DAD3-4EA0-8B0B-2A1C79C360D6}.Debug|Any CPU.ActiveCfg = Debug|Any CPU
		{97386095-DAD3-4EA0-8B0B-2A1C79C360D6}.Debug|Any CPU.Build.0 = Debug|Any CPU
		{97386095-DAD3-4EA0-8B0B-2A1C79C360D6}.Release|Any CPU.ActiveCfg = Release|Any CPU
		{97386095-DAD3-4EA0-8B0B-2A1C79C360D6}.Release|Any CPU.Build.0 = Release|Any CPU
		{6BE9938C-9209-4CC8-8238-16B35D81195F}.Debug|Any CPU.ActiveCfg = Debug|Any CPU
		{6BE9938C-9209-4CC8-8238-16B35D81195F}.Debug|Any CPU.Build.0 = Debug|Any CPU
		{6BE9938C-9209-4CC8-8238-16B35D81195F}.Release|Any CPU.ActiveCfg = Release|Any CPU
		{6BE9938C-9209-4CC8-8238-16B35D81195F}.Release|Any CPU.Build.0 = Release|Any CPU
		{F10BEADE-D59A-4EB2-B54A-A9295710C4BF}.Debug|Any CPU.ActiveCfg = Debug|Any CPU
		{F10BEADE-D59A-4EB2-B54A-A9295710C4BF}.Debug|Any CPU.Build.0 = Debug|Any CPU
		{F10BEADE-D59A-4EB2-B54A-A9295710C4BF}.Release|Any CPU.ActiveCfg = Release|Any CPU
		{F10BEADE-D59A-4EB2-B54A-A9295710C4BF}.Release|Any CPU.Build.0 = Release|Any CPU
	EndGlobalSection
	GlobalSection(SolutionProperties) = preSolution
		HideSolutionNode = FALSE
	EndGlobalSection
	GlobalSection(NestedProjects) = preSolution
		{AFE2ACE6-6A43-4D4C-A146-16F09E0D16DC} = {219594BC-488B-46A7-82C3-2E35D47972D8}
		{F01D677E-9E87-44E2-B460-C3F04B893179} = {219594BC-488B-46A7-82C3-2E35D47972D8}
		{BA1D93EC-20FF-4610-BBE3-CF061E84B9C5} = {446217A4-6B63-4BC4-B842-E827360A1AA6}
		{97386095-DAD3-4EA0-8B0B-2A1C79C360D6} = {219594BC-488B-46A7-82C3-2E35D47972D8}
		{6BE9938C-9209-4CC8-8238-16B35D81195F} = {446217A4-6B63-4BC4-B842-E827360A1AA6}
	EndGlobalSection
	GlobalSection(ExtensibilityGlobals) = postSolution
		SolutionGuid = {44D3BEF9-7E24-42A5-A5DC-E01FF6CCF9BF}
	EndGlobalSection
EndGlobal
